
Microsoft Visual Studio Solution File, Format Version 12.00
Project("{FAE04EC0-301F-11D3-BF4B-00C04F79EFBC}") = "SerilogDemo", "SerilogDemo\SerilogDemo.csproj", "{704A7B78-7261-4F1D-A78A-797FDFE1677E}"
EndProject
Global
	GlobalSection(SolutionConfigurationPlatforms) = preSolution
		Debug|Any CPU = Debug|Any CPU
		Release|Any CPU = Release|Any CPU
	EndGlobalSection
	GlobalSection(ProjectConfigurationPlatforms) = postSolution
		{704A7B78-7261-4F1D-A78A-797FDFE1677E}.Debug|Any CPU.ActiveCfg = Debug|Any CPU
		{704A7B78-7261-4F1D-A78A-797FDFE1677E}.Debug|Any CPU.Build.0 = Debug|Any CPU
		{704A7B78-7261-4F1D-A78A-797FDFE1677E}.Release|Any CPU.ActiveCfg = Release|Any CPU
		{704A7B78-7261-4F1D-A78A-797FDFE1677E}.Release|Any CPU.Build.0 = Release|Any CPU
	EndGlobalSection
EndGlobal
